// !$*UTF8*$!
{
	archiveVersion = 1;
	classes = {
	};
	objectVersion = 56;
	objects = {

/* Begin PBXBuildFile section */
		723DF0AB2BBB514C006DF62D /* PaymentViewController.swift in Sources */ = {isa = PBXBuildFile; fileRef = 723DF0A92BBB514C006DF62D /* PaymentViewController.swift */; };
		723DF0AC2BBB514C006DF62D /* PaymentViewController.xib in Resources */ = {isa = PBXBuildFile; fileRef = 723DF0AA2BBB514C006DF62D /* PaymentViewController.xib */; };
		723DF0AE2BBB6196006DF62D /* Double+Ext.swift in Sources */ = {isa = PBXBuildFile; fileRef = 723DF0AD2BBB6196006DF62D /* Double+Ext.swift */; };
		72589EFF2BBAA39F0089A237 /* AppDelegate.swift in Sources */ = {isa = PBXBuildFile; fileRef = 72589EFE2BBAA39F0089A237 /* AppDelegate.swift */; };
		72589F032BBAA39F0089A237 /* HomeViewController.swift in Sources */ = {isa = PBXBuildFile; fileRef = 72589F022BBAA39F0089A237 /* HomeViewController.swift */; };
		72589F082BBAA3A00089A237 /* Assets.xcassets in Resources */ = {isa = PBXBuildFile; fileRef = 72589F072BBAA3A00089A237 /* Assets.xcassets */; };
		72589F0B2BBAA3A00089A237 /* LaunchScreen.storyboard in Resources */ = {isa = PBXBuildFile; fileRef = 72589F092BBAA3A00089A237 /* LaunchScreen.storyboard */; };
		72589F162BBAA7990089A237 /* HomeViewController.xib in Resources */ = {isa = PBXBuildFile; fileRef = 72589F152BBAA7990089A237 /* HomeViewController.xib */; };
		72D619872BBADE1A000D131F /* ScanQRISViewController.swift in Sources */ = {isa = PBXBuildFile; fileRef = 72D619852BBADE1A000D131F /* ScanQRISViewController.swift */; };
		72D619882BBADE1A000D131F /* ScanQRISViewController.xib in Resources */ = {isa = PBXBuildFile; fileRef = 72D619862BBADE1A000D131F /* ScanQRISViewController.xib */; };
		72D619AD2BBB4668000D131F /* String+Ext.swift in Sources */ = {isa = PBXBuildFile; fileRef = 72D619AC2BBB4668000D131F /* String+Ext.swift */; };
		72D619AF2BBB4673000D131F /* NSNumber+Ext.swift in Sources */ = {isa = PBXBuildFile; fileRef = 72D619AE2BBB4673000D131F /* NSNumber+Ext.swift */; };
		72D619B12BBB4680000D131F /* UIStackView+Ext.swift in Sources */ = {isa = PBXBuildFile; fileRef = 72D619B02BBB4680000D131F /* UIStackView+Ext.swift */; };
/* End PBXBuildFile section */

/* Begin PBXFileReference section */
		723DF0A92BBB514C006DF62D /* PaymentViewController.swift */ = {isa = PBXFileReference; lastKnownFileType = sourcecode.swift; path = PaymentViewController.swift; sourceTree = "<group>"; };
		723DF0AA2BBB514C006DF62D /* PaymentViewController.xib */ = {isa = PBXFileReference; lastKnownFileType = file.xib; path = PaymentViewController.xib; sourceTree = "<group>"; };
		723DF0AD2BBB6196006DF62D /* Double+Ext.swift */ = {isa = PBXFileReference; lastKnownFileType = sourcecode.swift; path = "Double+Ext.swift"; sourceTree = "<group>"; };
		72589EFB2BBAA39F0089A237 /* QRISApp.app */ = {isa = PBXFileReference; explicitFileType = wrapper.application; includeInIndex = 0; path = QRISApp.app; sourceTree = BUILT_PRODUCTS_DIR; };
		72589EFE2BBAA39F0089A237 /* AppDelegate.swift */ = {isa = PBXFileReference; lastKnownFileType = sourcecode.swift; path = AppDelegate.swift; sourceTree = "<group>"; };
		72589F022BBAA39F0089A237 /* HomeViewController.swift */ = {isa = PBXFileReference; lastKnownFileType = sourcecode.swift; path = HomeViewController.swift; sourceTree = "<group>"; };
		72589F072BBAA3A00089A237 /* Assets.xcassets */ = {isa = PBXFileReference; lastKnownFileType = folder.assetcatalog; path = Assets.xcassets; sourceTree = "<group>"; };
		72589F0A2BBAA3A00089A237 /* Base */ = {isa = PBXFileReference; lastKnownFileType = file.storyboard; name = Base; path = Base.lproj/LaunchScreen.storyboard; sourceTree = "<group>"; };
		72589F0C2BBAA3A00089A237 /* Info.plist */ = {isa = PBXFileReference; lastKnownFileType = text.plist.xml; path = Info.plist; sourceTree = "<group>"; };
		72589F152BBAA7990089A237 /* HomeViewController.xib */ = {isa = PBXFileReference; lastKnownFileType = file.xib; path = HomeViewController.xib; sourceTree = "<group>"; };
		72D619852BBADE1A000D131F /* ScanQRISViewController.swift */ = {isa = PBXFileReference; lastKnownFileType = sourcecode.swift; path = ScanQRISViewController.swift; sourceTree = "<group>"; };
		72D619862BBADE1A000D131F /* ScanQRISViewController.xib */ = {isa = PBXFileReference; lastKnownFileType = file.xib; path = ScanQRISViewController.xib; sourceTree = "<group>"; };
		72D619AC2BBB4668000D131F /* String+Ext.swift */ = {isa = PBXFileReference; lastKnownFileType = sourcecode.swift; path = "String+Ext.swift"; sourceTree = "<group>"; };
		72D619AE2BBB4673000D131F /* NSNumber+Ext.swift */ = {isa = PBXFileReference; lastKnownFileType = sourcecode.swift; path = "NSNumber+Ext.swift"; sourceTree = "<group>"; };
		72D619B02BBB4680000D131F /* UIStackView+Ext.swift */ = {isa = PBXFileReference; lastKnownFileType = sourcecode.swift; path = "UIStackView+Ext.swift"; sourceTree = "<group>"; };
/* End PBXFileReference section */

/* Begin PBXFrameworksBuildPhase section */
		72589EF82BBAA39F0089A237 /* Frameworks */ = {
			isa = PBXFrameworksBuildPhase;
			buildActionMask = 2147483647;
			files = (
			);
			runOnlyForDeploymentPostprocessing = 0;
		};
/* End PBXFrameworksBuildPhase section */

/* Begin PBXGroup section */
		723DF0A82BBB513D006DF62D /* Payment */ = {
			isa = PBXGroup;
			children = (
				723DF0A92BBB514C006DF62D /* PaymentViewController.swift */,
				723DF0AA2BBB514C006DF62D /* PaymentViewController.xib */,
			);
			path = Payment;
			sourceTree = "<group>";
		};
		72589EF22BBAA39F0089A237 = {
			isa = PBXGroup;
			children = (
				72589EFD2BBAA39F0089A237 /* QRISApp */,
				72589EFC2BBAA39F0089A237 /* Products */,
			);
			sourceTree = "<group>";
		};
		72589EFC2BBAA39F0089A237 /* Products */ = {
			isa = PBXGroup;
			children = (
				72589EFB2BBAA39F0089A237 /* QRISApp.app */,
			);
			name = Products;
			sourceTree = "<group>";
		};
		72589EFD2BBAA39F0089A237 /* QRISApp */ = {
			isa = PBXGroup;
			children = (
				72D619A92BBB4650000D131F /* Utils */,
				72589F142BBAA6040089A237 /* Feature */,
				72589F132BBAA5F00089A237 /* App */,
				72589F122BBAA5D90089A237 /* File System */,
			);
			path = QRISApp;
			sourceTree = "<group>";
		};
		72589F122BBAA5D90089A237 /* File System */ = {
			isa = PBXGroup;
			children = (
				72589F072BBAA3A00089A237 /* Assets.xcassets */,
				72589F092BBAA3A00089A237 /* LaunchScreen.storyboard */,
				72589F0C2BBAA3A00089A237 /* Info.plist */,
			);
			path = "File System";
			sourceTree = "<group>";
		};
		72589F132BBAA5F00089A237 /* App */ = {
			isa = PBXGroup;
			children = (
				72589EFE2BBAA39F0089A237 /* AppDelegate.swift */,
			);
			path = App;
			sourceTree = "<group>";
		};
		72589F142BBAA6040089A237 /* Feature */ = {
			isa = PBXGroup;
			children = (
				723DF0A82BBB513D006DF62D /* Payment */,
				72D619842BBADDF7000D131F /* Scan QR */,
				72D619832BBADDDF000D131F /* Home */,
			);
			path = Feature;
			sourceTree = "<group>";
		};
		72D619832BBADDDF000D131F /* Home */ = {
			isa = PBXGroup;
			children = (
				72589F022BBAA39F0089A237 /* HomeViewController.swift */,
				72589F152BBAA7990089A237 /* HomeViewController.xib */,
			);
			path = Home;
			sourceTree = "<group>";
		};
		72D619842BBADDF7000D131F /* Scan QR */ = {
			isa = PBXGroup;
			children = (
				72D619852BBADE1A000D131F /* ScanQRISViewController.swift */,
				72D619862BBADE1A000D131F /* ScanQRISViewController.xib */,
			);
			path = "Scan QR";
			sourceTree = "<group>";
		};
		72D619A92BBB4650000D131F /* Utils */ = {
			isa = PBXGroup;
			children = (
				72D619AA2BBB4656000D131F /* Extension */,
			);
			path = Utils;
			sourceTree = "<group>";
		};
		72D619AA2BBB4656000D131F /* Extension */ = {
			isa = PBXGroup;
			children = (
				72D619AC2BBB4668000D131F /* String+Ext.swift */,
				72D619AE2BBB4673000D131F /* NSNumber+Ext.swift */,
				72D619B02BBB4680000D131F /* UIStackView+Ext.swift */,
				723DF0AD2BBB6196006DF62D /* Double+Ext.swift */,
			);
			path = Extension;
			sourceTree = "<group>";
		};
/* End PBXGroup section */

/* Begin PBXNativeTarget section */
		72589EFA2BBAA39F0089A237 /* QRISApp */ = {
			isa = PBXNativeTarget;
			buildConfigurationList = 72589F0F2BBAA3A00089A237 /* Build configuration list for PBXNativeTarget "QRISApp" */;
			buildPhases = (
				72589EF72BBAA39F0089A237 /* Sources */,
				72589EF82BBAA39F0089A237 /* Frameworks */,
				72589EF92BBAA39F0089A237 /* Resources */,
			);
			buildRules = (
			);
			dependencies = (
			);
			name = QRISApp;
			productName = QRISApp;
			productReference = 72589EFB2BBAA39F0089A237 /* QRISApp.app */;
			productType = "com.apple.product-type.application";
		};
/* End PBXNativeTarget section */

/* Begin PBXProject section */
		72589EF32BBAA39F0089A237 /* Project object */ = {
			isa = PBXProject;
			attributes = {
				BuildIndependentTargetsInParallel = 1;
				LastSwiftUpdateCheck = 1500;
				LastUpgradeCheck = 1500;
				TargetAttributes = {
					72589EFA2BBAA39F0089A237 = {
						CreatedOnToolsVersion = 15.0.1;
					};
				};
			};
			buildConfigurationList = 72589EF62BBAA39F0089A237 /* Build configuration list for PBXProject "QRISApp" */;
			compatibilityVersion = "Xcode 14.0";
			developmentRegion = en;
			hasScannedForEncodings = 0;
			knownRegions = (
				en,
				Base,
			);
			mainGroup = 72589EF22BBAA39F0089A237;
			productRefGroup = 72589EFC2BBAA39F0089A237 /* Products */;
			projectDirPath = "";
			projectRoot = "";
			targets = (
				72589EFA2BBAA39F0089A237 /* QRISApp */,
			);
		};
/* End PBXProject section */

/* Begin PBXResourcesBuildPhase section */
		72589EF92BBAA39F0089A237 /* Resources */ = {
			isa = PBXResourcesBuildPhase;
			buildActionMask = 2147483647;
			files = (
				72589F0B2BBAA3A00089A237 /* LaunchScreen.storyboard in Resources */,
				72589F082BBAA3A00089A237 /* Assets.xcassets in Resources */,
				72D619882BBADE1A000D131F /* ScanQRISViewController.xib in Resources */,
				723DF0AC2BBB514C006DF62D /* PaymentViewController.xib in Resources */,
				72589F162BBAA7990089A237 /* HomeViewController.xib in Resources */,
			);
			runOnlyForDeploymentPostprocessing = 0;
		};
/* End PBXResourcesBuildPhase section */

/* Begin PBXSourcesBuildPhase section */
		72589EF72BBAA39F0089A237 /* Sources */ = {
			isa = PBXSourcesBuildPhase;
			buildActionMask = 2147483647;
			files = (
				723DF0AB2BBB514C006DF62D /* PaymentViewController.swift in Sources */,
				72589F032BBAA39F0089A237 /* HomeViewController.swift in Sources */,
				723DF0AE2BBB6196006DF62D /* Double+Ext.swift in Sources */,
				72D619AF2BBB4673000D131F /* NSNumber+Ext.swift in Sources */,
				72D619872BBADE1A000D131F /* ScanQRISViewController.swift in Sources */,
				72D619B12BBB4680000D131F /* UIStackView+Ext.swift in Sources */,
				72D619AD2BBB4668000D131F /* String+Ext.swift in Sources */,
				72589EFF2BBAA39F0089A237 /* AppDelegate.swift in Sources */,
			);
			runOnlyForDeploymentPostprocessing = 0;
		};
/* End PBXSourcesBuildPhase section */

/* Begin PBXVariantGroup section */
		72589F092BBAA3A00089A237 /* LaunchScreen.storyboard */ = {
			isa = PBXVariantGroup;
			children = (
				72589F0A2BBAA3A00089A237 /* Base */,
			);
			name = LaunchScreen.storyboard;
			sourceTree = "<group>";
		};
/* End PBXVariantGroup section */

/* Begin XCBuildConfiguration section */
		72589F0D2BBAA3A00089A237 /* Debug */ = {
			isa = XCBuildConfiguration;
			buildSettings = {
				ALWAYS_SEARCH_USER_PATHS = NO;
				ASSETCATALOG_COMPILER_GENERATE_SWIFT_ASSET_SYMBOL_EXTENSIONS = YES;
				CLANG_ANALYZER_NONNULL = YES;
				CLANG_ANALYZER_NUMBER_OBJECT_CONVERSION = YES_AGGRESSIVE;
				CLANG_CXX_LANGUAGE_STANDARD = "gnu++20";
				CLANG_ENABLE_MODULES = YES;
				CLANG_ENABLE_OBJC_ARC = YES;
				CLANG_ENABLE_OBJC_WEAK = YES;
				CLANG_WARN_BLOCK_CAPTURE_AUTORELEASING = YES;
				CLANG_WARN_BOOL_CONVERSION = YES;
				CLANG_WARN_COMMA = YES;
				CLANG_WARN_CONSTANT_CONVERSION = YES;
				CLANG_WARN_DEPRECATED_OBJC_IMPLEMENTATIONS = YES;
				CLANG_WARN_DIRECT_OBJC_ISA_USAGE = YES_ERROR;
				CLANG_WARN_DOCUMENTATION_COMMENTS = YES;
				CLANG_WARN_EMPTY_BODY = YES;
				CLANG_WARN_ENUM_CONVERSION = YES;
				CLANG_WARN_INFINITE_RECURSION = YES;
				CLANG_WARN_INT_CONVERSION = YES;
				CLANG_WARN_NON_LITERAL_NULL_CONVERSION = YES;
				CLANG_WARN_OBJC_IMPLICIT_RETAIN_SELF = YES;
				CLANG_WARN_OBJC_LITERAL_CONVERSION = YES;
				CLANG_WARN_OBJC_ROOT_CLASS = YES_ERROR;
				CLANG_WARN_QUOTED_INCLUDE_IN_FRAMEWORK_HEADER = YES;
				CLANG_WARN_RANGE_LOOP_ANALYSIS = YES;
				CLANG_WARN_STRICT_PROTOTYPES = YES;
				CLANG_WARN_SUSPICIOUS_MOVE = YES;
				CLANG_WARN_UNGUARDED_AVAILABILITY = YES_AGGRESSIVE;
				CLANG_WARN_UNREACHABLE_CODE = YES;
				CLANG_WARN__DUPLICATE_METHOD_MATCH = YES;
				COPY_PHASE_STRIP = NO;
				DEBUG_INFORMATION_FORMAT = dwarf;
				ENABLE_STRICT_OBJC_MSGSEND = YES;
				ENABLE_TESTABILITY = YES;
				ENABLE_USER_SCRIPT_SANDBOXING = YES;
				GCC_C_LANGUAGE_STANDARD = gnu17;
				GCC_DYNAMIC_NO_PIC = NO;
				GCC_NO_COMMON_BLOCKS = YES;
				GCC_OPTIMIZATION_LEVEL = 0;
				GCC_PREPROCESSOR_DEFINITIONS = (
					"DEBUG=1",
					"$(inherited)",
				);
				GCC_WARN_64_TO_32_BIT_CONVERSION = YES;
				GCC_WARN_ABOUT_RETURN_TYPE = YES_ERROR;
				GCC_WARN_UNDECLARED_SELECTOR = YES;
				GCC_WARN_UNINITIALIZED_AUTOS = YES_AGGRESSIVE;
				GCC_WARN_UNUSED_FUNCTION = YES;
				GCC_WARN_UNUSED_VARIABLE = YES;
				IPHONEOS_DEPLOYMENT_TARGET = 17.0;
				LOCALIZATION_PREFERS_STRING_CATALOGS = YES;
				MTL_ENABLE_DEBUG_INFO = INCLUDE_SOURCE;
				MTL_FAST_MATH = YES;
				ONLY_ACTIVE_ARCH = YES;
				SDKROOT = iphoneos;
				SWIFT_ACTIVE_COMPILATION_CONDITIONS = "DEBUG $(inherited)";
				SWIFT_OPTIMIZATION_LEVEL = "-Onone";
			};
			name = Debug;
		};
		72589F0E2BBAA3A00089A237 /* Release */ = {
			isa = XCBuildConfiguration;
			buildSettings = {
				ALWAYS_SEARCH_USER_PATHS = NO;
				ASSETCATALOG_COMPILER_GENERATE_SWIFT_ASSET_SYMBOL_EXTENSIONS = YES;
				CLANG_ANALYZER_NONNULL = YES;
				CLANG_ANALYZER_NUMBER_OBJECT_CONVERSION = YES_AGGRESSIVE;
				CLANG_CXX_LANGUAGE_STANDARD = "gnu++20";
				CLANG_ENABLE_MODULES = YES;
				CLANG_ENABLE_OBJC_ARC = YES;
				CLANG_ENABLE_OBJC_WEAK = YES;
				CLANG_WARN_BLOCK_CAPTURE_AUTORELEASING = YES;
				CLANG_WARN_BOOL_CONVERSION = YES;
				CLANG_WARN_COMMA = YES;
				CLANG_WARN_CONSTANT_CONVERSION = YES;
				CLANG_WARN_DEPRECATED_OBJC_IMPLEMENTATIONS = YES;
				CLANG_WARN_DIRECT_OBJC_ISA_USAGE = YES_ERROR;
				CLANG_WARN_DOCUMENTATION_COMMENTS = YES;
				CLANG_WARN_EMPTY_BODY = YES;
				CLANG_WARN_ENUM_CONVERSION = YES;
				CLANG_WARN_INFINITE_RECURSION = YES;
				CLANG_WARN_INT_CONVERSION = YES;
				CLANG_WARN_NON_LITERAL_NULL_CONVERSION = YES;
				CLANG_WARN_OBJC_IMPLICIT_RETAIN_SELF = YES;
				CLANG_WARN_OBJC_LITERAL_CONVERSION = YES;
				CLANG_WARN_OBJC_ROOT_CLASS = YES_ERROR;
				CLANG_WARN_QUOTED_INCLUDE_IN_FRAMEWORK_HEADER = YES;
				CLANG_WARN_RANGE_LOOP_ANALYSIS = YES;
				CLANG_WARN_STRICT_PROTOTYPES = YES;
				CLANG_WARN_SUSPICIOUS_MOVE = YES;
				CLANG_WARN_UNGUARDED_AVAILABILITY = YES_AGGRESSIVE;
				CLANG_WARN_UNREACHABLE_CODE = YES;
				CLANG_WARN__DUPLICATE_METHOD_MATCH = YES;
				COPY_PHASE_STRIP = NO;
				DEBUG_INFORMATION_FORMAT = "dwarf-with-dsym";
				ENABLE_NS_ASSERTIONS = NO;
				ENABLE_STRICT_OBJC_MSGSEND = YES;
				ENABLE_USER_SCRIPT_SANDBOXING = YES;
				GCC_C_LANGUAGE_STANDARD = gnu17;
				GCC_NO_COMMON_BLOCKS = YES;
				GCC_WARN_64_TO_32_BIT_CONVERSION = YES;
				GCC_WARN_ABOUT_RETURN_TYPE = YES_ERROR;
				GCC_WARN_UNDECLARED_SELECTOR = YES;
				GCC_WARN_UNINITIALIZED_AUTOS = YES_AGGRESSIVE;
				GCC_WARN_UNUSED_FUNCTION = YES;
				GCC_WARN_UNUSED_VARIABLE = YES;
				IPHONEOS_DEPLOYMENT_TARGET = 17.0;
				LOCALIZATION_PREFERS_STRING_CATALOGS = YES;
				MTL_ENABLE_DEBUG_INFO = NO;
				MTL_FAST_MATH = YES;
				SDKROOT = iphoneos;
				SWIFT_COMPILATION_MODE = wholemodule;
				VALIDATE_PRODUCT = YES;
			};
			name = Release;
		};
		72589F102BBAA3A00089A237 /* Debug */ = {
			isa = XCBuildConfiguration;
			buildSettings = {
				ASSETCATALOG_COMPILER_APPICON_NAME = AppIcon;
				ASSETCATALOG_COMPILER_GLOBAL_ACCENT_COLOR_NAME = AccentColor;
				CODE_SIGN_STYLE = Automatic;
				CURRENT_PROJECT_VERSION = 1;
				DEVELOPMENT_TEAM = PKLN85RDQ6;
				GENERATE_INFOPLIST_FILE = YES;
				INFOPLIST_FILE = "QRISApp/File System/Info.plist";
				INFOPLIST_KEY_UIApplicationSupportsIndirectInputEvents = YES;
				INFOPLIST_KEY_UILaunchStoryboardName = LaunchScreen;
				INFOPLIST_KEY_UISupportedInterfaceOrientations_iPad = "UIInterfaceOrientationPortrait UIInterfaceOrientationPortraitUpsideDown UIInterfaceOrientationLandscapeLeft UIInterfaceOrientationLandscapeRight";
				INFOPLIST_KEY_UISupportedInterfaceOrientations_iPhone = "UIInterfaceOrientationPortrait UIInterfaceOrientationLandscapeLeft UIInterfaceOrientationLandscapeRight";
				LD_RUNPATH_SEARCH_PATHS = (
					"$(inherited)",
					"@executable_path/Frameworks",
				);
				MARKETING_VERSION = 1.0;
				PRODUCT_BUNDLE_IDENTIFIER = com.mohammadazri.QRISApp;
				PRODUCT_NAME = "$(TARGET_NAME)";
				SWIFT_EMIT_LOC_STRINGS = YES;
				SWIFT_VERSION = 5.0;
				TARGETED_DEVICE_FAMILY = "1,2";
			};
			name = Debug;
		};
		72589F112BBAA3A00089A237 /* Release */ = {
			isa = XCBuildConfiguration;
			buildSettings = {
				ASSETCATALOG_COMPILER_APPICON_NAME = AppIcon;
				ASSETCATALOG_COMPILER_GLOBAL_ACCENT_COLOR_NAME = AccentColor;
				CODE_SIGN_STYLE = Automatic;
				CURRENT_PROJECT_VERSION = 1;
				DEVELOPMENT_TEAM = PKLN85RDQ6;
				GENERATE_INFOPLIST_FILE = YES;
				INFOPLIST_FILE = "QRISApp/File System/Info.plist";
				INFOPLIST_KEY_UIApplicationSupportsIndirectInputEvents = YES;
				INFOPLIST_KEY_UILaunchStoryboardName = LaunchScreen;
				INFOPLIST_KEY_UISupportedInterfaceOrientations_iPad = "UIInterfaceOrientationPortrait UIInterfaceOrientationPortraitUpsideDown UIInterfaceOrientationLandscapeLeft UIInterfaceOrientationLandscapeRight";
				INFOPLIST_KEY_UISupportedInterfaceOrientations_iPhone = "UIInterfaceOrientationPortrait UIInterfaceOrientationLandscapeLeft UIInterfaceOrientationLandscapeRight";
				LD_RUNPATH_SEARCH_PATHS = (
					"$(inherited)",
					"@executable_path/Frameworks",
				);
				MARKETING_VERSION = 1.0;
				PRODUCT_BUNDLE_IDENTIFIER = com.mohammadazri.QRISApp;
				PRODUCT_NAME = "$(TARGET_NAME)";
				SWIFT_EMIT_LOC_STRINGS = YES;
				SWIFT_VERSION = 5.0;
				TARGETED_DEVICE_FAMILY = "1,2";
			};
			name = Release;
		};
/* End XCBuildConfiguration section */

/* Begin XCConfigurationList section */
		72589EF62BBAA39F0089A237 /* Build configuration list for PBXProject "QRISApp" */ = {
			isa = XCConfigurationList;
			buildConfigurations = (
				72589F0D2BBAA3A00089A237 /* Debug */,
				72589F0E2BBAA3A00089A237 /* Release */,
			);
			defaultConfigurationIsVisible = 0;
			defaultConfigurationName = Release;
		};
		72589F0F2BBAA3A00089A237 /* Build configuration list for PBXNativeTarget "QRISApp" */ = {
			isa = XCConfigurationList;
			buildConfigurations = (
				72589F102BBAA3A00089A237 /* Debug */,
				72589F112BBAA3A00089A237 /* Release */,
			);
			defaultConfigurationIsVisible = 0;
			defaultConfigurationName = Release;
		};
/* End XCConfigurationList section */
	};
	rootObject = 72589EF32BBAA39F0089A237 /* Project object */;
}
