// !$*UTF8*$!
{
	archiveVersion = 1;
	classes = {
	};
	objectVersion = 56;
	objects = {

/* Begin PBXBuildFile section */
		721191862BBBE47E006F1597 /* HomeRouter.swift in Sources */ = {isa = PBXBuildFile; fileRef = 721191852BBBE47E006F1597 /* HomeRouter.swift */; };
		7211918B2BBBE4F6006F1597 /* User.swift in Sources */ = {isa = PBXBuildFile; fileRef = 7211918A2BBBE4F6006F1597 /* User.swift */; };
		7211918D2BBBE599006F1597 /* HomePresenter.swift in Sources */ = {isa = PBXBuildFile; fileRef = 7211918C2BBBE599006F1597 /* HomePresenter.swift */; };
		7211918F2BBBE5F4006F1597 /* BaseInteractor.swift in Sources */ = {isa = PBXBuildFile; fileRef = 7211918E2BBBE5F4006F1597 /* BaseInteractor.swift */; };
		721191912BBBE61F006F1597 /* HomeView.swift in Sources */ = {isa = PBXBuildFile; fileRef = 721191902BBBE61F006F1597 /* HomeView.swift */; };
		721191942BBBEA74006F1597 /* response_user.json in Resources */ = {isa = PBXBuildFile; fileRef = 721191932BBBEA74006F1597 /* response_user.json */; };
		721191962BBBEBB4006F1597 /* UserResponse.swift in Sources */ = {isa = PBXBuildFile; fileRef = 721191952BBBEBB4006F1597 /* UserResponse.swift */; };
		7211919B2BBBF5BD006F1597 /* BaseView.swift in Sources */ = {isa = PBXBuildFile; fileRef = 7211919A2BBBF5BD006F1597 /* BaseView.swift */; };
		7211919D2BBBF647006F1597 /* BasePresenter.swift in Sources */ = {isa = PBXBuildFile; fileRef = 7211919C2BBBF647006F1597 /* BasePresenter.swift */; };
		7211919F2BBBF683006F1597 /* ScanQRISView.swift in Sources */ = {isa = PBXBuildFile; fileRef = 7211919E2BBBF683006F1597 /* ScanQRISView.swift */; };
		721191A12BBBF68C006F1597 /* ScanQRISPresenter.swift in Sources */ = {isa = PBXBuildFile; fileRef = 721191A02BBBF68C006F1597 /* ScanQRISPresenter.swift */; };
		723DF0AB2BBB514C006DF62D /* PaymentViewController.swift in Sources */ = {isa = PBXBuildFile; fileRef = 723DF0A92BBB514C006DF62D /* PaymentViewController.swift */; };
		723DF0AC2BBB514C006DF62D /* PaymentViewController.xib in Resources */ = {isa = PBXBuildFile; fileRef = 723DF0AA2BBB514C006DF62D /* PaymentViewController.xib */; };
		723DF0AE2BBB6196006DF62D /* Double+Ext.swift in Sources */ = {isa = PBXBuildFile; fileRef = 723DF0AD2BBB6196006DF62D /* Double+Ext.swift */; };
		7257D13B2BBD51C900D2C402 /* ScanQRISRouter.swift in Sources */ = {isa = PBXBuildFile; fileRef = 7257D13A2BBD51C900D2C402 /* ScanQRISRouter.swift */; };
		7257D13D2BBD556500D2C402 /* HomeInteractor.swift in Sources */ = {isa = PBXBuildFile; fileRef = 7257D13C2BBD556500D2C402 /* HomeInteractor.swift */; };
		7257D13F2BBD578A00D2C402 /* ScanQRISInteractor.swift in Sources */ = {isa = PBXBuildFile; fileRef = 7257D13E2BBD578A00D2C402 /* ScanQRISInteractor.swift */; };
		72589EFF2BBAA39F0089A237 /* AppDelegate.swift in Sources */ = {isa = PBXBuildFile; fileRef = 72589EFE2BBAA39F0089A237 /* AppDelegate.swift */; };
		72589F032BBAA39F0089A237 /* HomeViewController.swift in Sources */ = {isa = PBXBuildFile; fileRef = 72589F022BBAA39F0089A237 /* HomeViewController.swift */; };
		72589F082BBAA3A00089A237 /* Assets.xcassets in Resources */ = {isa = PBXBuildFile; fileRef = 72589F072BBAA3A00089A237 /* Assets.xcassets */; };
		72589F0B2BBAA3A00089A237 /* LaunchScreen.storyboard in Resources */ = {isa = PBXBuildFile; fileRef = 72589F092BBAA3A00089A237 /* LaunchScreen.storyboard */; };
		72589F162BBAA7990089A237 /* HomeViewController.xib in Resources */ = {isa = PBXBuildFile; fileRef = 72589F152BBAA7990089A237 /* HomeViewController.xib */; };
		7271D7492BBD615F003695B6 /* LoadingView.swift in Sources */ = {isa = PBXBuildFile; fileRef = 7271D7482BBD615F003695B6 /* LoadingView.swift */; };
		7271D74B2BBD63ED003695B6 /* UIView+Ext.swift in Sources */ = {isa = PBXBuildFile; fileRef = 7271D74A2BBD63ED003695B6 /* UIView+Ext.swift */; };
		7271D74D2BBD66F7003695B6 /* payment.json in Resources */ = {isa = PBXBuildFile; fileRef = 7271D74C2BBD66F7003695B6 /* payment.json */; };
		7271D74F2BBD671F003695B6 /* PaymentResponse.swift in Sources */ = {isa = PBXBuildFile; fileRef = 7271D74E2BBD671F003695B6 /* PaymentResponse.swift */; };
		7271D7512BBD67A2003695B6 /* Payment.swift in Sources */ = {isa = PBXBuildFile; fileRef = 7271D7502BBD67A2003695B6 /* Payment.swift */; };
		7271D7532BBD69F4003695B6 /* PaymentRouter.swift in Sources */ = {isa = PBXBuildFile; fileRef = 7271D7522BBD69F4003695B6 /* PaymentRouter.swift */; };
		7271D7552BBD69FC003695B6 /* PaymentInteractor.swift in Sources */ = {isa = PBXBuildFile; fileRef = 7271D7542BBD69FC003695B6 /* PaymentInteractor.swift */; };
		7271D7572BBD6A06003695B6 /* PaymentPresenter.swift in Sources */ = {isa = PBXBuildFile; fileRef = 7271D7562BBD6A06003695B6 /* PaymentPresenter.swift */; };
		7271D7592BBD6A10003695B6 /* PaymentView.swift in Sources */ = {isa = PBXBuildFile; fileRef = 7271D7582BBD6A10003695B6 /* PaymentView.swift */; };
		7271D75C2BBD7A26003695B6 /* UserDefault.swift in Sources */ = {isa = PBXBuildFile; fileRef = 7271D75B2BBD7A26003695B6 /* UserDefault.swift */; };
		7271D75F2BBD7B94003695B6 /* UserEntity.swift in Sources */ = {isa = PBXBuildFile; fileRef = 7271D75E2BBD7B94003695B6 /* UserEntity.swift */; };
		7271D7632BBD9F00003695B6 /* HistoryTransactionsViewController.swift in Sources */ = {isa = PBXBuildFile; fileRef = 7271D7612BBD9F00003695B6 /* HistoryTransactionsViewController.swift */; };
		7271D7642BBD9F00003695B6 /* HistoryTransactionsViewController.xib in Resources */ = {isa = PBXBuildFile; fileRef = 7271D7622BBD9F00003695B6 /* HistoryTransactionsViewController.xib */; };
		7271D7662BBD9F0E003695B6 /* HistoryTransactionsView.swift in Sources */ = {isa = PBXBuildFile; fileRef = 7271D7652BBD9F0E003695B6 /* HistoryTransactionsView.swift */; };
		7271D7682BBD9F17003695B6 /* HistoryTransactionsRouter.swift in Sources */ = {isa = PBXBuildFile; fileRef = 7271D7672BBD9F17003695B6 /* HistoryTransactionsRouter.swift */; };
		7271D76A2BBD9F1D003695B6 /* HistoryTransactionsPresenter.swift in Sources */ = {isa = PBXBuildFile; fileRef = 7271D7692BBD9F1D003695B6 /* HistoryTransactionsPresenter.swift */; };
		7271D76C2BBD9F31003695B6 /* HistoryTransactionsInteractor.swift in Sources */ = {isa = PBXBuildFile; fileRef = 7271D76B2BBD9F31003695B6 /* HistoryTransactionsInteractor.swift */; };
		7271D7702BBDA36C003695B6 /* HistoryTransactionResponse.swift in Sources */ = {isa = PBXBuildFile; fileRef = 7271D76F2BBDA36C003695B6 /* HistoryTransactionResponse.swift */; };
		7271D7722BBDA3B5003695B6 /* HistoryTransaction.swift in Sources */ = {isa = PBXBuildFile; fileRef = 7271D7712BBDA3B5003695B6 /* HistoryTransaction.swift */; };
		7271D7782BBDADCB003695B6 /* history_transactions.json in Resources */ = {isa = PBXBuildFile; fileRef = 7271D7772BBDADCB003695B6 /* history_transactions.json */; };
		72D619872BBADE1A000D131F /* ScanQRISViewController.swift in Sources */ = {isa = PBXBuildFile; fileRef = 72D619852BBADE1A000D131F /* ScanQRISViewController.swift */; };
		72D619882BBADE1A000D131F /* ScanQRISViewController.xib in Resources */ = {isa = PBXBuildFile; fileRef = 72D619862BBADE1A000D131F /* ScanQRISViewController.xib */; };
		72D619AD2BBB4668000D131F /* String+Ext.swift in Sources */ = {isa = PBXBuildFile; fileRef = 72D619AC2BBB4668000D131F /* String+Ext.swift */; };
		72D619AF2BBB4673000D131F /* NSNumber+Ext.swift in Sources */ = {isa = PBXBuildFile; fileRef = 72D619AE2BBB4673000D131F /* NSNumber+Ext.swift */; };
		72D619B12BBB4680000D131F /* UIStackView+Ext.swift in Sources */ = {isa = PBXBuildFile; fileRef = 72D619B02BBB4680000D131F /* UIStackView+Ext.swift */; };
		7FEDEEB82035D2BC65E36D8D /* Pods_QRISApp.framework in Frameworks */ = {isa = PBXBuildFile; fileRef = EBFE0F6E7446DDD2F95C4265 /* Pods_QRISApp.framework */; };
/* End PBXBuildFile section */

/* Begin PBXFileReference section */
		38BE0A647B1698BAF1BDAD65 /* Pods-QRISApp.debug.xcconfig */ = {isa = PBXFileReference; includeInIndex = 1; lastKnownFileType = text.xcconfig; name = "Pods-QRISApp.debug.xcconfig"; path = "Target Support Files/Pods-QRISApp/Pods-QRISApp.debug.xcconfig"; sourceTree = "<group>"; };
		721191852BBBE47E006F1597 /* HomeRouter.swift */ = {isa = PBXFileReference; lastKnownFileType = sourcecode.swift; path = HomeRouter.swift; sourceTree = "<group>"; };
		7211918A2BBBE4F6006F1597 /* User.swift */ = {isa = PBXFileReference; lastKnownFileType = sourcecode.swift; path = User.swift; sourceTree = "<group>"; };
		7211918C2BBBE599006F1597 /* HomePresenter.swift */ = {isa = PBXFileReference; lastKnownFileType = sourcecode.swift; path = HomePresenter.swift; sourceTree = "<group>"; };
		7211918E2BBBE5F4006F1597 /* BaseInteractor.swift */ = {isa = PBXFileReference; lastKnownFileType = sourcecode.swift; path = BaseInteractor.swift; sourceTree = "<group>"; };
		721191902BBBE61F006F1597 /* HomeView.swift */ = {isa = PBXFileReference; lastKnownFileType = sourcecode.swift; path = HomeView.swift; sourceTree = "<group>"; };
		721191932BBBEA74006F1597 /* response_user.json */ = {isa = PBXFileReference; lastKnownFileType = text.json; path = response_user.json; sourceTree = "<group>"; };
		721191952BBBEBB4006F1597 /* UserResponse.swift */ = {isa = PBXFileReference; lastKnownFileType = sourcecode.swift; path = UserResponse.swift; sourceTree = "<group>"; };
		7211919A2BBBF5BD006F1597 /* BaseView.swift */ = {isa = PBXFileReference; lastKnownFileType = sourcecode.swift; path = BaseView.swift; sourceTree = "<group>"; };
		7211919C2BBBF647006F1597 /* BasePresenter.swift */ = {isa = PBXFileReference; lastKnownFileType = sourcecode.swift; path = BasePresenter.swift; sourceTree = "<group>"; };
		7211919E2BBBF683006F1597 /* ScanQRISView.swift */ = {isa = PBXFileReference; lastKnownFileType = sourcecode.swift; path = ScanQRISView.swift; sourceTree = "<group>"; };
		721191A02BBBF68C006F1597 /* ScanQRISPresenter.swift */ = {isa = PBXFileReference; lastKnownFileType = sourcecode.swift; path = ScanQRISPresenter.swift; sourceTree = "<group>"; };
		723DF0A92BBB514C006DF62D /* PaymentViewController.swift */ = {isa = PBXFileReference; lastKnownFileType = sourcecode.swift; path = PaymentViewController.swift; sourceTree = "<group>"; };
		723DF0AA2BBB514C006DF62D /* PaymentViewController.xib */ = {isa = PBXFileReference; lastKnownFileType = file.xib; path = PaymentViewController.xib; sourceTree = "<group>"; };
		723DF0AD2BBB6196006DF62D /* Double+Ext.swift */ = {isa = PBXFileReference; lastKnownFileType = sourcecode.swift; path = "Double+Ext.swift"; sourceTree = "<group>"; };
		7257D13A2BBD51C900D2C402 /* ScanQRISRouter.swift */ = {isa = PBXFileReference; lastKnownFileType = sourcecode.swift; path = ScanQRISRouter.swift; sourceTree = "<group>"; };
		7257D13C2BBD556500D2C402 /* HomeInteractor.swift */ = {isa = PBXFileReference; lastKnownFileType = sourcecode.swift; path = HomeInteractor.swift; sourceTree = "<group>"; };
		7257D13E2BBD578A00D2C402 /* ScanQRISInteractor.swift */ = {isa = PBXFileReference; lastKnownFileType = sourcecode.swift; path = ScanQRISInteractor.swift; sourceTree = "<group>"; };
		72589EFB2BBAA39F0089A237 /* QRISApp.app */ = {isa = PBXFileReference; explicitFileType = wrapper.application; includeInIndex = 0; path = QRISApp.app; sourceTree = BUILT_PRODUCTS_DIR; };
		72589EFE2BBAA39F0089A237 /* AppDelegate.swift */ = {isa = PBXFileReference; lastKnownFileType = sourcecode.swift; path = AppDelegate.swift; sourceTree = "<group>"; };
		72589F022BBAA39F0089A237 /* HomeViewController.swift */ = {isa = PBXFileReference; lastKnownFileType = sourcecode.swift; path = HomeViewController.swift; sourceTree = "<group>"; };
		72589F072BBAA3A00089A237 /* Assets.xcassets */ = {isa = PBXFileReference; lastKnownFileType = folder.assetcatalog; path = Assets.xcassets; sourceTree = "<group>"; };
		72589F0A2BBAA3A00089A237 /* Base */ = {isa = PBXFileReference; lastKnownFileType = file.storyboard; name = Base; path = Base.lproj/LaunchScreen.storyboard; sourceTree = "<group>"; };
		72589F0C2BBAA3A00089A237 /* Info.plist */ = {isa = PBXFileReference; lastKnownFileType = text.plist.xml; path = Info.plist; sourceTree = "<group>"; };
		72589F152BBAA7990089A237 /* HomeViewController.xib */ = {isa = PBXFileReference; lastKnownFileType = file.xib; path = HomeViewController.xib; sourceTree = "<group>"; };
		7271D7482BBD615F003695B6 /* LoadingView.swift */ = {isa = PBXFileReference; lastKnownFileType = sourcecode.swift; path = LoadingView.swift; sourceTree = "<group>"; };
		7271D74A2BBD63ED003695B6 /* UIView+Ext.swift */ = {isa = PBXFileReference; lastKnownFileType = sourcecode.swift; path = "UIView+Ext.swift"; sourceTree = "<group>"; };
		7271D74C2BBD66F7003695B6 /* payment.json */ = {isa = PBXFileReference; lastKnownFileType = text.json; path = payment.json; sourceTree = "<group>"; };
		7271D74E2BBD671F003695B6 /* PaymentResponse.swift */ = {isa = PBXFileReference; lastKnownFileType = sourcecode.swift; path = PaymentResponse.swift; sourceTree = "<group>"; };
		7271D7502BBD67A2003695B6 /* Payment.swift */ = {isa = PBXFileReference; lastKnownFileType = sourcecode.swift; path = Payment.swift; sourceTree = "<group>"; };
		7271D7522BBD69F4003695B6 /* PaymentRouter.swift */ = {isa = PBXFileReference; lastKnownFileType = sourcecode.swift; path = PaymentRouter.swift; sourceTree = "<group>"; };
		7271D7542BBD69FC003695B6 /* PaymentInteractor.swift */ = {isa = PBXFileReference; lastKnownFileType = sourcecode.swift; path = PaymentInteractor.swift; sourceTree = "<group>"; };
		7271D7562BBD6A06003695B6 /* PaymentPresenter.swift */ = {isa = PBXFileReference; lastKnownFileType = sourcecode.swift; path = PaymentPresenter.swift; sourceTree = "<group>"; };
		7271D7582BBD6A10003695B6 /* PaymentView.swift */ = {isa = PBXFileReference; lastKnownFileType = sourcecode.swift; path = PaymentView.swift; sourceTree = "<group>"; };
		7271D75B2BBD7A26003695B6 /* UserDefault.swift */ = {isa = PBXFileReference; lastKnownFileType = sourcecode.swift; path = UserDefault.swift; sourceTree = "<group>"; };
		7271D75E2BBD7B94003695B6 /* UserEntity.swift */ = {isa = PBXFileReference; lastKnownFileType = sourcecode.swift; path = UserEntity.swift; sourceTree = "<group>"; };
		7271D7612BBD9F00003695B6 /* HistoryTransactionsViewController.swift */ = {isa = PBXFileReference; lastKnownFileType = sourcecode.swift; path = HistoryTransactionsViewController.swift; sourceTree = "<group>"; };
		7271D7622BBD9F00003695B6 /* HistoryTransactionsViewController.xib */ = {isa = PBXFileReference; lastKnownFileType = file.xib; path = HistoryTransactionsViewController.xib; sourceTree = "<group>"; };
		7271D7652BBD9F0E003695B6 /* HistoryTransactionsView.swift */ = {isa = PBXFileReference; lastKnownFileType = sourcecode.swift; path = HistoryTransactionsView.swift; sourceTree = "<group>"; };
		7271D7672BBD9F17003695B6 /* HistoryTransactionsRouter.swift */ = {isa = PBXFileReference; lastKnownFileType = sourcecode.swift; path = HistoryTransactionsRouter.swift; sourceTree = "<group>"; };
		7271D7692BBD9F1D003695B6 /* HistoryTransactionsPresenter.swift */ = {isa = PBXFileReference; lastKnownFileType = sourcecode.swift; path = HistoryTransactionsPresenter.swift; sourceTree = "<group>"; };
		7271D76B2BBD9F31003695B6 /* HistoryTransactionsInteractor.swift */ = {isa = PBXFileReference; lastKnownFileType = sourcecode.swift; path = HistoryTransactionsInteractor.swift; sourceTree = "<group>"; };
		7271D76F2BBDA36C003695B6 /* HistoryTransactionResponse.swift */ = {isa = PBXFileReference; lastKnownFileType = sourcecode.swift; path = HistoryTransactionResponse.swift; sourceTree = "<group>"; };
		7271D7712BBDA3B5003695B6 /* HistoryTransaction.swift */ = {isa = PBXFileReference; lastKnownFileType = sourcecode.swift; path = HistoryTransaction.swift; sourceTree = "<group>"; };
		7271D7772BBDADCB003695B6 /* history_transactions.json */ = {isa = PBXFileReference; lastKnownFileType = text.json; path = history_transactions.json; sourceTree = "<group>"; };
		72D619852BBADE1A000D131F /* ScanQRISViewController.swift */ = {isa = PBXFileReference; lastKnownFileType = sourcecode.swift; path = ScanQRISViewController.swift; sourceTree = "<group>"; };
		72D619862BBADE1A000D131F /* ScanQRISViewController.xib */ = {isa = PBXFileReference; lastKnownFileType = file.xib; path = ScanQRISViewController.xib; sourceTree = "<group>"; };
		72D619AC2BBB4668000D131F /* String+Ext.swift */ = {isa = PBXFileReference; lastKnownFileType = sourcecode.swift; path = "String+Ext.swift"; sourceTree = "<group>"; };
		72D619AE2BBB4673000D131F /* NSNumber+Ext.swift */ = {isa = PBXFileReference; lastKnownFileType = sourcecode.swift; path = "NSNumber+Ext.swift"; sourceTree = "<group>"; };
		72D619B02BBB4680000D131F /* UIStackView+Ext.swift */ = {isa = PBXFileReference; lastKnownFileType = sourcecode.swift; path = "UIStackView+Ext.swift"; sourceTree = "<group>"; };
		8B40E7CA51B6916B40CCBB9C /* Pods-QRISApp.release.xcconfig */ = {isa = PBXFileReference; includeInIndex = 1; lastKnownFileType = text.xcconfig; name = "Pods-QRISApp.release.xcconfig"; path = "Target Support Files/Pods-QRISApp/Pods-QRISApp.release.xcconfig"; sourceTree = "<group>"; };
		EBFE0F6E7446DDD2F95C4265 /* Pods_QRISApp.framework */ = {isa = PBXFileReference; explicitFileType = wrapper.framework; includeInIndex = 0; path = Pods_QRISApp.framework; sourceTree = BUILT_PRODUCTS_DIR; };
/* End PBXFileReference section */

/* Begin PBXFrameworksBuildPhase section */
		72589EF82BBAA39F0089A237 /* Frameworks */ = {
			isa = PBXFrameworksBuildPhase;
			buildActionMask = 2147483647;
			files = (
				7FEDEEB82035D2BC65E36D8D /* Pods_QRISApp.framework in Frameworks */,
			);
			runOnlyForDeploymentPostprocessing = 0;
		};
/* End PBXFrameworksBuildPhase section */

/* Begin PBXGroup section */
		721191872BBBE4E0006F1597 /* Core */ = {
			isa = PBXGroup;
			children = (
				7271D75A2BBD7A1A003695B6 /* Local Data Source */,
				721191972BBBF567006F1597 /* Remote Data Source */,
				721191882BBBE4E5006F1597 /* Domain */,
			);
			path = Core;
			sourceTree = "<group>";
		};
		721191882BBBE4E5006F1597 /* Domain */ = {
			isa = PBXGroup;
			children = (
				721191892BBBE4ED006F1597 /* Entity */,
			);
			path = Domain;
			sourceTree = "<group>";
		};
		721191892BBBE4ED006F1597 /* Entity */ = {
			isa = PBXGroup;
			children = (
				7211918A2BBBE4F6006F1597 /* User.swift */,
				7271D7502BBD67A2003695B6 /* Payment.swift */,
				7271D7712BBDA3B5003695B6 /* HistoryTransaction.swift */,
			);
			path = Entity;
			sourceTree = "<group>";
		};
		721191922BBBEA5B006F1597 /* Mock Responses */ = {
			isa = PBXGroup;
			children = (
				721191932BBBEA74006F1597 /* response_user.json */,
				7271D74C2BBD66F7003695B6 /* payment.json */,
				7271D7772BBDADCB003695B6 /* history_transactions.json */,
			);
			path = "Mock Responses";
			sourceTree = "<group>";
		};
		721191972BBBF567006F1597 /* Remote Data Source */ = {
			isa = PBXGroup;
			children = (
				721191982BBBF56D006F1597 /* Models */,
			);
			path = "Remote Data Source";
			sourceTree = "<group>";
		};
		721191982BBBF56D006F1597 /* Models */ = {
			isa = PBXGroup;
			children = (
				721191952BBBEBB4006F1597 /* UserResponse.swift */,
				7271D74E2BBD671F003695B6 /* PaymentResponse.swift */,
				7271D76F2BBDA36C003695B6 /* HistoryTransactionResponse.swift */,
			);
			path = Models;
			sourceTree = "<group>";
		};
		721191992BBBF5B0006F1597 /* Base */ = {
			isa = PBXGroup;
			children = (
				7211918E2BBBE5F4006F1597 /* BaseInteractor.swift */,
				7211919C2BBBF647006F1597 /* BasePresenter.swift */,
				7211919A2BBBF5BD006F1597 /* BaseView.swift */,
			);
			path = Base;
			sourceTree = "<group>";
		};
		723DF0A82BBB513D006DF62D /* Payment */ = {
			isa = PBXGroup;
			children = (
				7271D7522BBD69F4003695B6 /* PaymentRouter.swift */,
				7271D7542BBD69FC003695B6 /* PaymentInteractor.swift */,
				7271D7562BBD6A06003695B6 /* PaymentPresenter.swift */,
				7271D7582BBD6A10003695B6 /* PaymentView.swift */,
				723DF0A92BBB514C006DF62D /* PaymentViewController.swift */,
				723DF0AA2BBB514C006DF62D /* PaymentViewController.xib */,
			);
			path = Payment;
			sourceTree = "<group>";
		};
		72589EF22BBAA39F0089A237 = {
			isa = PBXGroup;
			children = (
				72589EFD2BBAA39F0089A237 /* QRISApp */,
				72589EFC2BBAA39F0089A237 /* Products */,
				BF47BB380452B68439FC3299 /* Pods */,
				B3B55C2182B0B194F204B8D9 /* Frameworks */,
			);
			sourceTree = "<group>";
		};
		72589EFC2BBAA39F0089A237 /* Products */ = {
			isa = PBXGroup;
			children = (
				72589EFB2BBAA39F0089A237 /* QRISApp.app */,
			);
			name = Products;
			sourceTree = "<group>";
		};
		72589EFD2BBAA39F0089A237 /* QRISApp */ = {
			isa = PBXGroup;
			children = (
				72D619A92BBB4650000D131F /* Utils */,
				721191872BBBE4E0006F1597 /* Core */,
				72589F142BBAA6040089A237 /* Feature */,
				72589F132BBAA5F00089A237 /* App */,
				72589F122BBAA5D90089A237 /* File System */,
			);
			path = QRISApp;
			sourceTree = "<group>";
		};
		72589F122BBAA5D90089A237 /* File System */ = {
			isa = PBXGroup;
			children = (
				72589F072BBAA3A00089A237 /* Assets.xcassets */,
				72589F092BBAA3A00089A237 /* LaunchScreen.storyboard */,
				72589F0C2BBAA3A00089A237 /* Info.plist */,
			);
			path = "File System";
			sourceTree = "<group>";
		};
		72589F132BBAA5F00089A237 /* App */ = {
			isa = PBXGroup;
			children = (
				72589EFE2BBAA39F0089A237 /* AppDelegate.swift */,
			);
			path = App;
			sourceTree = "<group>";
		};
		72589F142BBAA6040089A237 /* Feature */ = {
			isa = PBXGroup;
			children = (
				7271D7472BBD6156003695B6 /* Reusable */,
				721191992BBBF5B0006F1597 /* Base */,
				72D619832BBADDDF000D131F /* Home */,
				723DF0A82BBB513D006DF62D /* Payment */,
				72D619842BBADDF7000D131F /* Scan QR */,
				7271D7602BBD9ED9003695B6 /* History Transactions */,
			);
			path = Feature;
			sourceTree = "<group>";
		};
		7271D7472BBD6156003695B6 /* Reusable */ = {
			isa = PBXGroup;
			children = (
				7271D7482BBD615F003695B6 /* LoadingView.swift */,
			);
			path = Reusable;
			sourceTree = "<group>";
		};
		7271D75A2BBD7A1A003695B6 /* Local Data Source */ = {
			isa = PBXGroup;
			children = (
				7271D75D2BBD7B8D003695B6 /* Models */,
				7271D75B2BBD7A26003695B6 /* UserDefault.swift */,
			);
			path = "Local Data Source";
			sourceTree = "<group>";
		};
		7271D75D2BBD7B8D003695B6 /* Models */ = {
			isa = PBXGroup;
			children = (
				7271D75E2BBD7B94003695B6 /* UserEntity.swift */,
			);
			path = Models;
			sourceTree = "<group>";
		};
		7271D7602BBD9ED9003695B6 /* History Transactions */ = {
			isa = PBXGroup;
			children = (
				7271D7672BBD9F17003695B6 /* HistoryTransactionsRouter.swift */,
				7271D76B2BBD9F31003695B6 /* HistoryTransactionsInteractor.swift */,
				7271D7692BBD9F1D003695B6 /* HistoryTransactionsPresenter.swift */,
				7271D7652BBD9F0E003695B6 /* HistoryTransactionsView.swift */,
				7271D7612BBD9F00003695B6 /* HistoryTransactionsViewController.swift */,
				7271D7622BBD9F00003695B6 /* HistoryTransactionsViewController.xib */,
			);
			path = "History Transactions";
			sourceTree = "<group>";
		};
		72D619832BBADDDF000D131F /* Home */ = {
			isa = PBXGroup;
			children = (
				721191852BBBE47E006F1597 /* HomeRouter.swift */,
				7257D13C2BBD556500D2C402 /* HomeInteractor.swift */,
				7211918C2BBBE599006F1597 /* HomePresenter.swift */,
				721191902BBBE61F006F1597 /* HomeView.swift */,
				72589F022BBAA39F0089A237 /* HomeViewController.swift */,
				72589F152BBAA7990089A237 /* HomeViewController.xib */,
			);
			path = Home;
			sourceTree = "<group>";
		};
		72D619842BBADDF7000D131F /* Scan QR */ = {
			isa = PBXGroup;
			children = (
				7257D13A2BBD51C900D2C402 /* ScanQRISRouter.swift */,
				7257D13E2BBD578A00D2C402 /* ScanQRISInteractor.swift */,
				721191A02BBBF68C006F1597 /* ScanQRISPresenter.swift */,
				7211919E2BBBF683006F1597 /* ScanQRISView.swift */,
				72D619852BBADE1A000D131F /* ScanQRISViewController.swift */,
				72D619862BBADE1A000D131F /* ScanQRISViewController.xib */,
			);
			path = "Scan QR";
			sourceTree = "<group>";
		};
		72D619A92BBB4650000D131F /* Utils */ = {
			isa = PBXGroup;
			children = (
				721191922BBBEA5B006F1597 /* Mock Responses */,
				72D619AA2BBB4656000D131F /* Extension */,
			);
			path = Utils;
			sourceTree = "<group>";
		};
		72D619AA2BBB4656000D131F /* Extension */ = {
			isa = PBXGroup;
			children = (
				723DF0AD2BBB6196006DF62D /* Double+Ext.swift */,
				72D619AE2BBB4673000D131F /* NSNumber+Ext.swift */,
				72D619AC2BBB4668000D131F /* String+Ext.swift */,
				72D619B02BBB4680000D131F /* UIStackView+Ext.swift */,
				7271D74A2BBD63ED003695B6 /* UIView+Ext.swift */,
			);
			path = Extension;
			sourceTree = "<group>";
		};
		B3B55C2182B0B194F204B8D9 /* Frameworks */ = {
			isa = PBXGroup;
			children = (
				EBFE0F6E7446DDD2F95C4265 /* Pods_QRISApp.framework */,
			);
			name = Frameworks;
			sourceTree = "<group>";
		};
		BF47BB380452B68439FC3299 /* Pods */ = {
			isa = PBXGroup;
			children = (
				38BE0A647B1698BAF1BDAD65 /* Pods-QRISApp.debug.xcconfig */,
				8B40E7CA51B6916B40CCBB9C /* Pods-QRISApp.release.xcconfig */,
			);
			path = Pods;
			sourceTree = "<group>";
		};
/* End PBXGroup section */

/* Begin PBXNativeTarget section */
		72589EFA2BBAA39F0089A237 /* QRISApp */ = {
			isa = PBXNativeTarget;
			buildConfigurationList = 72589F0F2BBAA3A00089A237 /* Build configuration list for PBXNativeTarget "QRISApp" */;
			buildPhases = (
				D3ABDB6A4E33E605B15F3015 /* [CP] Check Pods Manifest.lock */,
				72589EF72BBAA39F0089A237 /* Sources */,
				72589EF82BBAA39F0089A237 /* Frameworks */,
				72589EF92BBAA39F0089A237 /* Resources */,
				C4F9B45923A31BE49469DB16 /* [CP] Embed Pods Frameworks */,
			);
			buildRules = (
			);
			dependencies = (
			);
			name = QRISApp;
			productName = QRISApp;
			productReference = 72589EFB2BBAA39F0089A237 /* QRISApp.app */;
			productType = "com.apple.product-type.application";
		};
/* End PBXNativeTarget section */

/* Begin PBXProject section */
		72589EF32BBAA39F0089A237 /* Project object */ = {
			isa = PBXProject;
			attributes = {
				BuildIndependentTargetsInParallel = 1;
				LastSwiftUpdateCheck = 1500;
				LastUpgradeCheck = 1500;
				TargetAttributes = {
					72589EFA2BBAA39F0089A237 = {
						CreatedOnToolsVersion = 15.0.1;
					};
				};
			};
			buildConfigurationList = 72589EF62BBAA39F0089A237 /* Build configuration list for PBXProject "QRISApp" */;
			compatibilityVersion = "Xcode 14.0";
			developmentRegion = en;
			hasScannedForEncodings = 0;
			knownRegions = (
				en,
				Base,
			);
			mainGroup = 72589EF22BBAA39F0089A237;
			productRefGroup = 72589EFC2BBAA39F0089A237 /* Products */;
			projectDirPath = "";
			projectRoot = "";
			targets = (
				72589EFA2BBAA39F0089A237 /* QRISApp */,
			);
		};
/* End PBXProject section */

/* Begin PBXResourcesBuildPhase section */
		72589EF92BBAA39F0089A237 /* Resources */ = {
			isa = PBXResourcesBuildPhase;
			buildActionMask = 2147483647;
			files = (
				7271D7642BBD9F00003695B6 /* HistoryTransactionsViewController.xib in Resources */,
				72589F0B2BBAA3A00089A237 /* LaunchScreen.storyboard in Resources */,
				72589F082BBAA3A00089A237 /* Assets.xcassets in Resources */,
				7271D7782BBDADCB003695B6 /* history_transactions.json in Resources */,
				72D619882BBADE1A000D131F /* ScanQRISViewController.xib in Resources */,
				7271D74D2BBD66F7003695B6 /* payment.json in Resources */,
				723DF0AC2BBB514C006DF62D /* PaymentViewController.xib in Resources */,
				72589F162BBAA7990089A237 /* HomeViewController.xib in Resources */,
				721191942BBBEA74006F1597 /* response_user.json in Resources */,
			);
			runOnlyForDeploymentPostprocessing = 0;
		};
/* End PBXResourcesBuildPhase section */

/* Begin PBXShellScriptBuildPhase section */
		C4F9B45923A31BE49469DB16 /* [CP] Embed Pods Frameworks */ = {
			isa = PBXShellScriptBuildPhase;
			buildActionMask = 2147483647;
			files = (
			);
			inputFileListPaths = (
				"${PODS_ROOT}/Target Support Files/Pods-QRISApp/Pods-QRISApp-frameworks-${CONFIGURATION}-input-files.xcfilelist",
			);
			name = "[CP] Embed Pods Frameworks";
			outputFileListPaths = (
				"${PODS_ROOT}/Target Support Files/Pods-QRISApp/Pods-QRISApp-frameworks-${CONFIGURATION}-output-files.xcfilelist",
			);
			runOnlyForDeploymentPostprocessing = 0;
			shellPath = /bin/sh;
			shellScript = "\"${PODS_ROOT}/Target Support Files/Pods-QRISApp/Pods-QRISApp-frameworks.sh\"\n";
			showEnvVarsInLog = 0;
		};
		D3ABDB6A4E33E605B15F3015 /* [CP] Check Pods Manifest.lock */ = {
			isa = PBXShellScriptBuildPhase;
			buildActionMask = 2147483647;
			files = (
			);
			inputFileListPaths = (
			);
			inputPaths = (
				"${PODS_PODFILE_DIR_PATH}/Podfile.lock",
				"${PODS_ROOT}/Manifest.lock",
			);
			name = "[CP] Check Pods Manifest.lock";
			outputFileListPaths = (
			);
			outputPaths = (
				"$(DERIVED_FILE_DIR)/Pods-QRISApp-checkManifestLockResult.txt",
			);
			runOnlyForDeploymentPostprocessing = 0;
			shellPath = /bin/sh;
			shellScript = "diff \"${PODS_PODFILE_DIR_PATH}/Podfile.lock\" \"${PODS_ROOT}/Manifest.lock\" > /dev/null\nif [ $? != 0 ] ; then\n    # print error to STDERR\n    echo \"error: The sandbox is not in sync with the Podfile.lock. Run 'pod install' or update your CocoaPods installation.\" >&2\n    exit 1\nfi\n# This output is used by Xcode 'outputs' to avoid re-running this script phase.\necho \"SUCCESS\" > \"${SCRIPT_OUTPUT_FILE_0}\"\n";
			showEnvVarsInLog = 0;
		};
/* End PBXShellScriptBuildPhase section */

/* Begin PBXSourcesBuildPhase section */
		72589EF72BBAA39F0089A237 /* Sources */ = {
			isa = PBXSourcesBuildPhase;
			buildActionMask = 2147483647;
			files = (
				7271D76C2BBD9F31003695B6 /* HistoryTransactionsInteractor.swift in Sources */,
				7271D7592BBD6A10003695B6 /* PaymentView.swift in Sources */,
				721191912BBBE61F006F1597 /* HomeView.swift in Sources */,
				7271D75C2BBD7A26003695B6 /* UserDefault.swift in Sources */,
				7211919D2BBBF647006F1597 /* BasePresenter.swift in Sources */,
				723DF0AB2BBB514C006DF62D /* PaymentViewController.swift in Sources */,
				7271D7492BBD615F003695B6 /* LoadingView.swift in Sources */,
				7271D7662BBD9F0E003695B6 /* HistoryTransactionsView.swift in Sources */,
				7257D13D2BBD556500D2C402 /* HomeInteractor.swift in Sources */,
				7257D13F2BBD578A00D2C402 /* ScanQRISInteractor.swift in Sources */,
				7211918D2BBBE599006F1597 /* HomePresenter.swift in Sources */,
				72589F032BBAA39F0089A237 /* HomeViewController.swift in Sources */,
				723DF0AE2BBB6196006DF62D /* Double+Ext.swift in Sources */,
				721191A12BBBF68C006F1597 /* ScanQRISPresenter.swift in Sources */,
				7271D7632BBD9F00003695B6 /* HistoryTransactionsViewController.swift in Sources */,
				72D619AF2BBB4673000D131F /* NSNumber+Ext.swift in Sources */,
				7271D7572BBD6A06003695B6 /* PaymentPresenter.swift in Sources */,
				7271D75F2BBD7B94003695B6 /* UserEntity.swift in Sources */,
				7271D7532BBD69F4003695B6 /* PaymentRouter.swift in Sources */,
				721191862BBBE47E006F1597 /* HomeRouter.swift in Sources */,
				7271D7552BBD69FC003695B6 /* PaymentInteractor.swift in Sources */,
				7271D7682BBD9F17003695B6 /* HistoryTransactionsRouter.swift in Sources */,
				7271D74B2BBD63ED003695B6 /* UIView+Ext.swift in Sources */,
				7271D7722BBDA3B5003695B6 /* HistoryTransaction.swift in Sources */,
				7271D74F2BBD671F003695B6 /* PaymentResponse.swift in Sources */,
				7271D7702BBDA36C003695B6 /* HistoryTransactionResponse.swift in Sources */,
				7211918F2BBBE5F4006F1597 /* BaseInteractor.swift in Sources */,
				72D619872BBADE1A000D131F /* ScanQRISViewController.swift in Sources */,
				7211919F2BBBF683006F1597 /* ScanQRISView.swift in Sources */,
				72D619B12BBB4680000D131F /* UIStackView+Ext.swift in Sources */,
				7257D13B2BBD51C900D2C402 /* ScanQRISRouter.swift in Sources */,
				7271D7512BBD67A2003695B6 /* Payment.swift in Sources */,
				7271D76A2BBD9F1D003695B6 /* HistoryTransactionsPresenter.swift in Sources */,
				72D619AD2BBB4668000D131F /* String+Ext.swift in Sources */,
				721191962BBBEBB4006F1597 /* UserResponse.swift in Sources */,
				7211919B2BBBF5BD006F1597 /* BaseView.swift in Sources */,
				7211918B2BBBE4F6006F1597 /* User.swift in Sources */,
				72589EFF2BBAA39F0089A237 /* AppDelegate.swift in Sources */,
			);
			runOnlyForDeploymentPostprocessing = 0;
		};
/* End PBXSourcesBuildPhase section */

/* Begin PBXVariantGroup section */
		72589F092BBAA3A00089A237 /* LaunchScreen.storyboard */ = {
			isa = PBXVariantGroup;
			children = (
				72589F0A2BBAA3A00089A237 /* Base */,
			);
			name = LaunchScreen.storyboard;
			sourceTree = "<group>";
		};
/* End PBXVariantGroup section */

/* Begin XCBuildConfiguration section */
		72589F0D2BBAA3A00089A237 /* Debug */ = {
			isa = XCBuildConfiguration;
			buildSettings = {
				ALWAYS_SEARCH_USER_PATHS = NO;
				ASSETCATALOG_COMPILER_GENERATE_SWIFT_ASSET_SYMBOL_EXTENSIONS = YES;
				CLANG_ANALYZER_NONNULL = YES;
				CLANG_ANALYZER_NUMBER_OBJECT_CONVERSION = YES_AGGRESSIVE;
				CLANG_CXX_LANGUAGE_STANDARD = "gnu++20";
				CLANG_ENABLE_MODULES = YES;
				CLANG_ENABLE_OBJC_ARC = YES;
				CLANG_ENABLE_OBJC_WEAK = YES;
				CLANG_WARN_BLOCK_CAPTURE_AUTORELEASING = YES;
				CLANG_WARN_BOOL_CONVERSION = YES;
				CLANG_WARN_COMMA = YES;
				CLANG_WARN_CONSTANT_CONVERSION = YES;
				CLANG_WARN_DEPRECATED_OBJC_IMPLEMENTATIONS = YES;
				CLANG_WARN_DIRECT_OBJC_ISA_USAGE = YES_ERROR;
				CLANG_WARN_DOCUMENTATION_COMMENTS = YES;
				CLANG_WARN_EMPTY_BODY = YES;
				CLANG_WARN_ENUM_CONVERSION = YES;
				CLANG_WARN_INFINITE_RECURSION = YES;
				CLANG_WARN_INT_CONVERSION = YES;
				CLANG_WARN_NON_LITERAL_NULL_CONVERSION = YES;
				CLANG_WARN_OBJC_IMPLICIT_RETAIN_SELF = YES;
				CLANG_WARN_OBJC_LITERAL_CONVERSION = YES;
				CLANG_WARN_OBJC_ROOT_CLASS = YES_ERROR;
				CLANG_WARN_QUOTED_INCLUDE_IN_FRAMEWORK_HEADER = YES;
				CLANG_WARN_RANGE_LOOP_ANALYSIS = YES;
				CLANG_WARN_STRICT_PROTOTYPES = YES;
				CLANG_WARN_SUSPICIOUS_MOVE = YES;
				CLANG_WARN_UNGUARDED_AVAILABILITY = YES_AGGRESSIVE;
				CLANG_WARN_UNREACHABLE_CODE = YES;
				CLANG_WARN__DUPLICATE_METHOD_MATCH = YES;
				COPY_PHASE_STRIP = NO;
				DEBUG_INFORMATION_FORMAT = dwarf;
				ENABLE_STRICT_OBJC_MSGSEND = YES;
				ENABLE_TESTABILITY = YES;
				ENABLE_USER_SCRIPT_SANDBOXING = YES;
				GCC_C_LANGUAGE_STANDARD = gnu17;
				GCC_DYNAMIC_NO_PIC = NO;
				GCC_NO_COMMON_BLOCKS = YES;
				GCC_OPTIMIZATION_LEVEL = 0;
				GCC_PREPROCESSOR_DEFINITIONS = (
					"DEBUG=1",
					"$(inherited)",
				);
				GCC_WARN_64_TO_32_BIT_CONVERSION = YES;
				GCC_WARN_ABOUT_RETURN_TYPE = YES_ERROR;
				GCC_WARN_UNDECLARED_SELECTOR = YES;
				GCC_WARN_UNINITIALIZED_AUTOS = YES_AGGRESSIVE;
				GCC_WARN_UNUSED_FUNCTION = YES;
				GCC_WARN_UNUSED_VARIABLE = YES;
				IPHONEOS_DEPLOYMENT_TARGET = 17.0;
				LOCALIZATION_PREFERS_STRING_CATALOGS = YES;
				MTL_ENABLE_DEBUG_INFO = INCLUDE_SOURCE;
				MTL_FAST_MATH = YES;
				ONLY_ACTIVE_ARCH = YES;
				SDKROOT = iphoneos;
				SWIFT_ACTIVE_COMPILATION_CONDITIONS = "DEBUG $(inherited)";
				SWIFT_OPTIMIZATION_LEVEL = "-Onone";
			};
			name = Debug;
		};
		72589F0E2BBAA3A00089A237 /* Release */ = {
			isa = XCBuildConfiguration;
			buildSettings = {
				ALWAYS_SEARCH_USER_PATHS = NO;
				ASSETCATALOG_COMPILER_GENERATE_SWIFT_ASSET_SYMBOL_EXTENSIONS = YES;
				CLANG_ANALYZER_NONNULL = YES;
				CLANG_ANALYZER_NUMBER_OBJECT_CONVERSION = YES_AGGRESSIVE;
				CLANG_CXX_LANGUAGE_STANDARD = "gnu++20";
				CLANG_ENABLE_MODULES = YES;
				CLANG_ENABLE_OBJC_ARC = YES;
				CLANG_ENABLE_OBJC_WEAK = YES;
				CLANG_WARN_BLOCK_CAPTURE_AUTORELEASING = YES;
				CLANG_WARN_BOOL_CONVERSION = YES;
				CLANG_WARN_COMMA = YES;
				CLANG_WARN_CONSTANT_CONVERSION = YES;
				CLANG_WARN_DEPRECATED_OBJC_IMPLEMENTATIONS = YES;
				CLANG_WARN_DIRECT_OBJC_ISA_USAGE = YES_ERROR;
				CLANG_WARN_DOCUMENTATION_COMMENTS = YES;
				CLANG_WARN_EMPTY_BODY = YES;
				CLANG_WARN_ENUM_CONVERSION = YES;
				CLANG_WARN_INFINITE_RECURSION = YES;
				CLANG_WARN_INT_CONVERSION = YES;
				CLANG_WARN_NON_LITERAL_NULL_CONVERSION = YES;
				CLANG_WARN_OBJC_IMPLICIT_RETAIN_SELF = YES;
				CLANG_WARN_OBJC_LITERAL_CONVERSION = YES;
				CLANG_WARN_OBJC_ROOT_CLASS = YES_ERROR;
				CLANG_WARN_QUOTED_INCLUDE_IN_FRAMEWORK_HEADER = YES;
				CLANG_WARN_RANGE_LOOP_ANALYSIS = YES;
				CLANG_WARN_STRICT_PROTOTYPES = YES;
				CLANG_WARN_SUSPICIOUS_MOVE = YES;
				CLANG_WARN_UNGUARDED_AVAILABILITY = YES_AGGRESSIVE;
				CLANG_WARN_UNREACHABLE_CODE = YES;
				CLANG_WARN__DUPLICATE_METHOD_MATCH = YES;
				COPY_PHASE_STRIP = NO;
				DEBUG_INFORMATION_FORMAT = "dwarf-with-dsym";
				ENABLE_NS_ASSERTIONS = NO;
				ENABLE_STRICT_OBJC_MSGSEND = YES;
				ENABLE_USER_SCRIPT_SANDBOXING = YES;
				GCC_C_LANGUAGE_STANDARD = gnu17;
				GCC_NO_COMMON_BLOCKS = YES;
				GCC_WARN_64_TO_32_BIT_CONVERSION = YES;
				GCC_WARN_ABOUT_RETURN_TYPE = YES_ERROR;
				GCC_WARN_UNDECLARED_SELECTOR = YES;
				GCC_WARN_UNINITIALIZED_AUTOS = YES_AGGRESSIVE;
				GCC_WARN_UNUSED_FUNCTION = YES;
				GCC_WARN_UNUSED_VARIABLE = YES;
				IPHONEOS_DEPLOYMENT_TARGET = 17.0;
				LOCALIZATION_PREFERS_STRING_CATALOGS = YES;
				MTL_ENABLE_DEBUG_INFO = NO;
				MTL_FAST_MATH = YES;
				SDKROOT = iphoneos;
				SWIFT_COMPILATION_MODE = wholemodule;
				VALIDATE_PRODUCT = YES;
			};
			name = Release;
		};
		72589F102BBAA3A00089A237 /* Debug */ = {
			isa = XCBuildConfiguration;
			baseConfigurationReference = 38BE0A647B1698BAF1BDAD65 /* Pods-QRISApp.debug.xcconfig */;
			buildSettings = {
				ASSETCATALOG_COMPILER_APPICON_NAME = AppIcon;
				ASSETCATALOG_COMPILER_GLOBAL_ACCENT_COLOR_NAME = AccentColor;
				CODE_SIGN_STYLE = Automatic;
				CURRENT_PROJECT_VERSION = 1;
				DEVELOPMENT_TEAM = PKLN85RDQ6;
				ENABLE_USER_SCRIPT_SANDBOXING = NO;
				GENERATE_INFOPLIST_FILE = YES;
				INFOPLIST_FILE = "QRISApp/File System/Info.plist";
				INFOPLIST_KEY_UIApplicationSupportsIndirectInputEvents = YES;
				INFOPLIST_KEY_UILaunchStoryboardName = LaunchScreen;
				INFOPLIST_KEY_UISupportedInterfaceOrientations_iPad = "UIInterfaceOrientationPortrait UIInterfaceOrientationPortraitUpsideDown UIInterfaceOrientationLandscapeLeft UIInterfaceOrientationLandscapeRight";
				INFOPLIST_KEY_UISupportedInterfaceOrientations_iPhone = "UIInterfaceOrientationPortrait UIInterfaceOrientationLandscapeLeft UIInterfaceOrientationLandscapeRight";
				LD_RUNPATH_SEARCH_PATHS = (
					"$(inherited)",
					"@executable_path/Frameworks",
				);
				MARKETING_VERSION = 1.0;
				PRODUCT_BUNDLE_IDENTIFIER = com.mohammadazri.QRISApp;
				PRODUCT_NAME = "$(TARGET_NAME)";
				SWIFT_EMIT_LOC_STRINGS = YES;
				SWIFT_VERSION = 5.0;
				TARGETED_DEVICE_FAMILY = "1,2";
			};
			name = Debug;
		};
		72589F112BBAA3A00089A237 /* Release */ = {
			isa = XCBuildConfiguration;
			baseConfigurationReference = 8B40E7CA51B6916B40CCBB9C /* Pods-QRISApp.release.xcconfig */;
			buildSettings = {
				ASSETCATALOG_COMPILER_APPICON_NAME = AppIcon;
				ASSETCATALOG_COMPILER_GLOBAL_ACCENT_COLOR_NAME = AccentColor;
				CODE_SIGN_STYLE = Automatic;
				CURRENT_PROJECT_VERSION = 1;
				DEVELOPMENT_TEAM = PKLN85RDQ6;
				ENABLE_USER_SCRIPT_SANDBOXING = NO;
				GENERATE_INFOPLIST_FILE = YES;
				INFOPLIST_FILE = "QRISApp/File System/Info.plist";
				INFOPLIST_KEY_UIApplicationSupportsIndirectInputEvents = YES;
				INFOPLIST_KEY_UILaunchStoryboardName = LaunchScreen;
				INFOPLIST_KEY_UISupportedInterfaceOrientations_iPad = "UIInterfaceOrientationPortrait UIInterfaceOrientationPortraitUpsideDown UIInterfaceOrientationLandscapeLeft UIInterfaceOrientationLandscapeRight";
				INFOPLIST_KEY_UISupportedInterfaceOrientations_iPhone = "UIInterfaceOrientationPortrait UIInterfaceOrientationLandscapeLeft UIInterfaceOrientationLandscapeRight";
				LD_RUNPATH_SEARCH_PATHS = (
					"$(inherited)",
					"@executable_path/Frameworks",
				);
				MARKETING_VERSION = 1.0;
				PRODUCT_BUNDLE_IDENTIFIER = com.mohammadazri.QRISApp;
				PRODUCT_NAME = "$(TARGET_NAME)";
				SWIFT_EMIT_LOC_STRINGS = YES;
				SWIFT_VERSION = 5.0;
				TARGETED_DEVICE_FAMILY = "1,2";
			};
			name = Release;
		};
/* End XCBuildConfiguration section */

/* Begin XCConfigurationList section */
		72589EF62BBAA39F0089A237 /* Build configuration list for PBXProject "QRISApp" */ = {
			isa = XCConfigurationList;
			buildConfigurations = (
				72589F0D2BBAA3A00089A237 /* Debug */,
				72589F0E2BBAA3A00089A237 /* Release */,
			);
			defaultConfigurationIsVisible = 0;
			defaultConfigurationName = Release;
		};
		72589F0F2BBAA3A00089A237 /* Build configuration list for PBXNativeTarget "QRISApp" */ = {
			isa = XCConfigurationList;
			buildConfigurations = (
				72589F102BBAA3A00089A237 /* Debug */,
				72589F112BBAA3A00089A237 /* Release */,
			);
			defaultConfigurationIsVisible = 0;
			defaultConfigurationName = Release;
		};
/* End XCConfigurationList section */
	};
	rootObject = 72589EF32BBAA39F0089A237 /* Project object */;
}
